
Microsoft Visual Studio Solution File, Format Version 12.00
# Visual Studio 15
VisualStudioVersion = 15.0.28307.572
MinimumVisualStudioVersion = 10.0.40219.1
Project("{FAE04EC0-301F-11D3-BF4B-00C04F79EFBC}") = "DogiWiki", "DogiWiki2\DogiWiki.csproj", "{C0F06CE8-01A9-43E6-9D38-70EDF46D1561}"
EndProject
Global
	GlobalSection(SolutionConfigurationPlatforms) = preSolution
		Debug|Any CPU = Debug|Any CPU
		Release|Any CPU = Release|Any CPU
	EndGlobalSection
	GlobalSection(ProjectConfigurationPlatforms) = postSolution
		{C0F06CE8-01A9-43E6-9D38-70EDF46D1561}.Debug|Any CPU.ActiveCfg = Debug|Any CPU
		{C0F06CE8-01A9-43E6-9D38-70EDF46D1561}.Debug|Any CPU.Build.0 = Debug|Any CPU
		{C0F06CE8-01A9-43E6-9D38-70EDF46D1561}.Release|Any CPU.ActiveCfg = Release|Any CPU
		{C0F06CE8-01A9-43E6-9D38-70EDF46D1561}.Release|Any CPU.Build.0 = Release|Any CPU
	EndGlobalSection
	GlobalSection(SolutionProperties) = preSolution
		HideSolutionNode = FALSE
	EndGlobalSection
	GlobalSection(ExtensibilityGlobals) = postSolution
		SolutionGuid = {D894E50F-1818-4180-A245-862BC8AB2A8E}
	EndGlobalSection
EndGlobal
